
Microsoft Visual Studio Solution File, Format Version 12.00
# Visual Studio Version 17
VisualStudioVersion = 17.14.36705.20 d17.14
MinimumVisualStudioVersion = 10.0.40219.1
Project("{FAE04EC0-301F-11D3-BF4B-00C04F79EFBC}") = "Cliente", "Cliente.csproj", "{745571FF-3921-42F2-BFBC-504D527AB54C}"
EndProject
Global
	GlobalSection(SolutionConfigurationPlatforms) = preSolution
		Debug|Any CPU = Debug|Any CPU
		Release|Any CPU = Release|Any CPU
	EndGlobalSection
	GlobalSection(ProjectConfigurationPlatforms) = postSolution
		{745571FF-3921-42F2-BFBC-504D527AB54C}.Debug|Any CPU.ActiveCfg = Debug|Any CPU
		{745571FF-3921-42F2-BFBC-504D527AB54C}.Debug|Any CPU.Build.0 = Debug|Any CPU
		{745571FF-3921-42F2-BFBC-504D527AB54C}.Release|Any CPU.ActiveCfg = Release|Any CPU
		{745571FF-3921-42F2-BFBC-504D527AB54C}.Release|Any CPU.Build.0 = Release|Any CPU
	EndGlobalSection
	GlobalSection(SolutionProperties) = preSolution
		HideSolutionNode = FALSE
	EndGlobalSection
	GlobalSection(ExtensibilityGlobals) = postSolution
		SolutionGuid = {1F77E385-2290-47BF-8378-3BD8C8331C55}
	EndGlobalSection
EndGlobal
